// !$*UTF8*$!
{
	archiveVersion = 1;
	classes = {
	};
	objectVersion = 55;
	objects = {

/* Begin PBXBuildFile section */
		3F70250B2A818FEB00E52426 /* LoginController.swift in Sources */ = {isa = PBXBuildFile; fileRef = 3F70250A2A818FEB00E52426 /* LoginController.swift */; };
		3F70250D2A81954100E52426 /* RegistrationController.swift in Sources */ = {isa = PBXBuildFile; fileRef = 3F70250C2A81954100E52426 /* RegistrationController.swift */; };
		3F70250F2A81A25800E52426 /* Utilities.swift in Sources */ = {isa = PBXBuildFile; fileRef = 3F70250E2A81A25800E52426 /* Utilities.swift */; };
		3F967EC12A5E10CA00D47D56 /* AppDelegate.swift in Sources */ = {isa = PBXBuildFile; fileRef = 3F967EC02A5E10CA00D47D56 /* AppDelegate.swift */; };
		3F967EC32A5E10CA00D47D56 /* SceneDelegate.swift in Sources */ = {isa = PBXBuildFile; fileRef = 3F967EC22A5E10CA00D47D56 /* SceneDelegate.swift */; };
		3F967EC82A5E10CA00D47D56 /* Main.storyboard in Resources */ = {isa = PBXBuildFile; fileRef = 3F967EC62A5E10CA00D47D56 /* Main.storyboard */; };
		3F967ECA2A5E10CE00D47D56 /* Assets.xcassets in Resources */ = {isa = PBXBuildFile; fileRef = 3F967EC92A5E10CE00D47D56 /* Assets.xcassets */; };
		3F967ECD2A5E10CE00D47D56 /* LaunchScreen.storyboard in Resources */ = {isa = PBXBuildFile; fileRef = 3F967ECB2A5E10CE00D47D56 /* LaunchScreen.storyboard */; };
		3F967ED82A5E10CF00D47D56 /* TwitterCloneTests.swift in Sources */ = {isa = PBXBuildFile; fileRef = 3F967ED72A5E10CF00D47D56 /* TwitterCloneTests.swift */; };
		3F967EE22A5E10CF00D47D56 /* TwitterCloneUITests.swift in Sources */ = {isa = PBXBuildFile; fileRef = 3F967EE12A5E10CF00D47D56 /* TwitterCloneUITests.swift */; };
		3F967EE42A5E10CF00D47D56 /* TwitterCloneUITestsLaunchTests.swift in Sources */ = {isa = PBXBuildFile; fileRef = 3F967EE32A5E10CF00D47D56 /* TwitterCloneUITestsLaunchTests.swift */; };
		3F967EF72A5E13F600D47D56 /* MainTabController.swift in Sources */ = {isa = PBXBuildFile; fileRef = 3F967EF62A5E13F600D47D56 /* MainTabController.swift */; };
		3F967EF92A5E15DB00D47D56 /* FeedController.swift in Sources */ = {isa = PBXBuildFile; fileRef = 3F967EF82A5E15DB00D47D56 /* FeedController.swift */; };
		3F967EFB2A5E164500D47D56 /* ExploreController.swift in Sources */ = {isa = PBXBuildFile; fileRef = 3F967EFA2A5E164500D47D56 /* ExploreController.swift */; };
		3F967EFD2A5E168B00D47D56 /* NotificationsController.swift in Sources */ = {isa = PBXBuildFile; fileRef = 3F967EFC2A5E168B00D47D56 /* NotificationsController.swift */; };
		3F967EFF2A5E16A400D47D56 /* ConversationsController.swift in Sources */ = {isa = PBXBuildFile; fileRef = 3F967EFE2A5E16A400D47D56 /* ConversationsController.swift */; };
		3F967F012A5E432B00D47D56 /* Extensions.swift in Sources */ = {isa = PBXBuildFile; fileRef = 3F967F002A5E432B00D47D56 /* Extensions.swift */; };
/* End PBXBuildFile section */

/* Begin PBXContainerItemProxy section */
		3F967ED42A5E10CF00D47D56 /* PBXContainerItemProxy */ = {
			isa = PBXContainerItemProxy;
			containerPortal = 3F967EB52A5E10CA00D47D56 /* Project object */;
			proxyType = 1;
			remoteGlobalIDString = 3F967EBC2A5E10CA00D47D56;
			remoteInfo = TwitterClone;
		};
		3F967EDE2A5E10CF00D47D56 /* PBXContainerItemProxy */ = {
			isa = PBXContainerItemProxy;
			containerPortal = 3F967EB52A5E10CA00D47D56 /* Project object */;
			proxyType = 1;
			remoteGlobalIDString = 3F967EBC2A5E10CA00D47D56;
			remoteInfo = TwitterClone;
		};
/* End PBXContainerItemProxy section */

/* Begin PBXFileReference section */
		3F70250A2A818FEB00E52426 /* LoginController.swift */ = {isa = PBXFileReference; lastKnownFileType = sourcecode.swift; path = LoginController.swift; sourceTree = "<group>"; };
		3F70250C2A81954100E52426 /* RegistrationController.swift */ = {isa = PBXFileReference; lastKnownFileType = sourcecode.swift; path = RegistrationController.swift; sourceTree = "<group>"; };
		3F70250E2A81A25800E52426 /* Utilities.swift */ = {isa = PBXFileReference; lastKnownFileType = sourcecode.swift; path = Utilities.swift; sourceTree = "<group>"; };
		3F967EBD2A5E10CA00D47D56 /* TwitterClone.app */ = {isa = PBXFileReference; explicitFileType = wrapper.application; includeInIndex = 0; path = TwitterClone.app; sourceTree = BUILT_PRODUCTS_DIR; };
		3F967EC02A5E10CA00D47D56 /* AppDelegate.swift */ = {isa = PBXFileReference; lastKnownFileType = sourcecode.swift; path = AppDelegate.swift; sourceTree = "<group>"; };
		3F967EC22A5E10CA00D47D56 /* SceneDelegate.swift */ = {isa = PBXFileReference; lastKnownFileType = sourcecode.swift; path = SceneDelegate.swift; sourceTree = "<group>"; };
		3F967EC72A5E10CA00D47D56 /* Base */ = {isa = PBXFileReference; lastKnownFileType = file.storyboard; name = Base; path = Base.lproj/Main.storyboard; sourceTree = "<group>"; };
		3F967EC92A5E10CE00D47D56 /* Assets.xcassets */ = {isa = PBXFileReference; lastKnownFileType = folder.assetcatalog; path = Assets.xcassets; sourceTree = "<group>"; };
		3F967ECC2A5E10CE00D47D56 /* Base */ = {isa = PBXFileReference; lastKnownFileType = file.storyboard; name = Base; path = Base.lproj/LaunchScreen.storyboard; sourceTree = "<group>"; };
		3F967ECE2A5E10CE00D47D56 /* Info.plist */ = {isa = PBXFileReference; lastKnownFileType = text.plist.xml; path = Info.plist; sourceTree = "<group>"; };
		3F967ED32A5E10CF00D47D56 /* TwitterCloneTests.xctest */ = {isa = PBXFileReference; explicitFileType = wrapper.cfbundle; includeInIndex = 0; path = TwitterCloneTests.xctest; sourceTree = BUILT_PRODUCTS_DIR; };
		3F967ED72A5E10CF00D47D56 /* TwitterCloneTests.swift */ = {isa = PBXFileReference; lastKnownFileType = sourcecode.swift; path = TwitterCloneTests.swift; sourceTree = "<group>"; };
		3F967EDD2A5E10CF00D47D56 /* TwitterCloneUITests.xctest */ = {isa = PBXFileReference; explicitFileType = wrapper.cfbundle; includeInIndex = 0; path = TwitterCloneUITests.xctest; sourceTree = BUILT_PRODUCTS_DIR; };
		3F967EE12A5E10CF00D47D56 /* TwitterCloneUITests.swift */ = {isa = PBXFileReference; lastKnownFileType = sourcecode.swift; path = TwitterCloneUITests.swift; sourceTree = "<group>"; };
		3F967EE32A5E10CF00D47D56 /* TwitterCloneUITestsLaunchTests.swift */ = {isa = PBXFileReference; lastKnownFileType = sourcecode.swift; path = TwitterCloneUITestsLaunchTests.swift; sourceTree = "<group>"; };
		3F967EF62A5E13F600D47D56 /* MainTabController.swift */ = {isa = PBXFileReference; lastKnownFileType = sourcecode.swift; path = MainTabController.swift; sourceTree = "<group>"; };
		3F967EF82A5E15DB00D47D56 /* FeedController.swift */ = {isa = PBXFileReference; lastKnownFileType = sourcecode.swift; path = FeedController.swift; sourceTree = "<group>"; };
		3F967EFA2A5E164500D47D56 /* ExploreController.swift */ = {isa = PBXFileReference; lastKnownFileType = sourcecode.swift; path = ExploreController.swift; sourceTree = "<group>"; };
		3F967EFC2A5E168B00D47D56 /* NotificationsController.swift */ = {isa = PBXFileReference; lastKnownFileType = sourcecode.swift; path = NotificationsController.swift; sourceTree = "<group>"; };
		3F967EFE2A5E16A400D47D56 /* ConversationsController.swift */ = {isa = PBXFileReference; lastKnownFileType = sourcecode.swift; path = ConversationsController.swift; sourceTree = "<group>"; };
		3F967F002A5E432B00D47D56 /* Extensions.swift */ = {isa = PBXFileReference; lastKnownFileType = sourcecode.swift; path = Extensions.swift; sourceTree = "<group>"; };
/* End PBXFileReference section */

/* Begin PBXFrameworksBuildPhase section */
		3F967EBA2A5E10CA00D47D56 /* Frameworks */ = {
			isa = PBXFrameworksBuildPhase;
			buildActionMask = 2147483647;
			files = (
			);
			runOnlyForDeploymentPostprocessing = 0;
		};
		3F967ED02A5E10CF00D47D56 /* Frameworks */ = {
			isa = PBXFrameworksBuildPhase;
			buildActionMask = 2147483647;
			files = (
			);
			runOnlyForDeploymentPostprocessing = 0;
		};
		3F967EDA2A5E10CF00D47D56 /* Frameworks */ = {
			isa = PBXFrameworksBuildPhase;
			buildActionMask = 2147483647;
			files = (
			);
			runOnlyForDeploymentPostprocessing = 0;
		};
/* End PBXFrameworksBuildPhase section */

/* Begin PBXGroup section */
		3F7025092A818FC100E52426 /* Authentication */ = {
			isa = PBXGroup;
			children = (
				3F70250A2A818FEB00E52426 /* LoginController.swift */,
				3F70250C2A81954100E52426 /* RegistrationController.swift */,
			);
			path = Authentication;
			sourceTree = "<group>";
		};
		3F967EB42A5E10CA00D47D56 = {
			isa = PBXGroup;
			children = (
				3F967EBF2A5E10CA00D47D56 /* TwitterClone */,
				3F967ED62A5E10CF00D47D56 /* TwitterCloneTests */,
				3F967EE02A5E10CF00D47D56 /* TwitterCloneUITests */,
				3F967EBE2A5E10CA00D47D56 /* Products */,
			);
			sourceTree = "<group>";
		};
		3F967EBE2A5E10CA00D47D56 /* Products */ = {
			isa = PBXGroup;
			children = (
				3F967EBD2A5E10CA00D47D56 /* TwitterClone.app */,
				3F967ED32A5E10CF00D47D56 /* TwitterCloneTests.xctest */,
				3F967EDD2A5E10CF00D47D56 /* TwitterCloneUITests.xctest */,
			);
			name = Products;
			sourceTree = "<group>";
		};
		3F967EBF2A5E10CA00D47D56 /* TwitterClone */ = {
			isa = PBXGroup;
			children = (
				3F967EF42A5E11DA00D47D56 /* Model */,
				3F967EF32A5E11D500D47D56 /* View */,
				3F967EF22A5E11D000D47D56 /* ViewModel */,
				3F967EF12A5E11CC00D47D56 /* Controller */,
				3F967EF02A5E117000D47D56 /* API */,
				3F967EF52A5E120500D47D56 /* Utils */,
				3F967EC02A5E10CA00D47D56 /* AppDelegate.swift */,
				3F967EC22A5E10CA00D47D56 /* SceneDelegate.swift */,
				3F967EC62A5E10CA00D47D56 /* Main.storyboard */,
				3F967ECB2A5E10CE00D47D56 /* LaunchScreen.storyboard */,
				3F967EC92A5E10CE00D47D56 /* Assets.xcassets */,
				3F967ECE2A5E10CE00D47D56 /* Info.plist */,
			);
			path = TwitterClone;
			sourceTree = "<group>";
		};
		3F967ED62A5E10CF00D47D56 /* TwitterCloneTests */ = {
			isa = PBXGroup;
			children = (
				3F967ED72A5E10CF00D47D56 /* TwitterCloneTests.swift */,
			);
			path = TwitterCloneTests;
			sourceTree = "<group>";
		};
		3F967EE02A5E10CF00D47D56 /* TwitterCloneUITests */ = {
			isa = PBXGroup;
			children = (
				3F967EE12A5E10CF00D47D56 /* TwitterCloneUITests.swift */,
				3F967EE32A5E10CF00D47D56 /* TwitterCloneUITestsLaunchTests.swift */,
			);
			path = TwitterCloneUITests;
			sourceTree = "<group>";
		};
		3F967EF02A5E117000D47D56 /* API */ = {
			isa = PBXGroup;
			children = (
			);
			path = API;
			sourceTree = "<group>";
		};
		3F967EF12A5E11CC00D47D56 /* Controller */ = {
			isa = PBXGroup;
			children = (
				3F7025092A818FC100E52426 /* Authentication */,
				3F967EF62A5E13F600D47D56 /* MainTabController.swift */,
				3F967EF82A5E15DB00D47D56 /* FeedController.swift */,
				3F967EFA2A5E164500D47D56 /* ExploreController.swift */,
				3F967EFC2A5E168B00D47D56 /* NotificationsController.swift */,
				3F967EFE2A5E16A400D47D56 /* ConversationsController.swift */,
			);
			path = Controller;
			sourceTree = "<group>";
		};
		3F967EF22A5E11D000D47D56 /* ViewModel */ = {
			isa = PBXGroup;
			children = (
			);
			path = ViewModel;
			sourceTree = "<group>";
		};
		3F967EF32A5E11D500D47D56 /* View */ = {
			isa = PBXGroup;
			children = (
			);
			path = View;
			sourceTree = "<group>";
		};
		3F967EF42A5E11DA00D47D56 /* Model */ = {
			isa = PBXGroup;
			children = (
			);
			path = Model;
			sourceTree = "<group>";
		};
		3F967EF52A5E120500D47D56 /* Utils */ = {
			isa = PBXGroup;
			children = (
				3F967F002A5E432B00D47D56 /* Extensions.swift */,
				3F70250E2A81A25800E52426 /* Utilities.swift */,
			);
			path = Utils;
			sourceTree = "<group>";
		};
/* End PBXGroup section */

/* Begin PBXNativeTarget section */
		3F967EBC2A5E10CA00D47D56 /* TwitterClone */ = {
			isa = PBXNativeTarget;
			buildConfigurationList = 3F967EE72A5E10CF00D47D56 /* Build configuration list for PBXNativeTarget "TwitterClone" */;
			buildPhases = (
				3F967EB92A5E10CA00D47D56 /* Sources */,
				3F967EBA2A5E10CA00D47D56 /* Frameworks */,
				3F967EBB2A5E10CA00D47D56 /* Resources */,
			);
			buildRules = (
			);
			dependencies = (
			);
			name = TwitterClone;
			productName = TwitterClone;
			productReference = 3F967EBD2A5E10CA00D47D56 /* TwitterClone.app */;
			productType = "com.apple.product-type.application";
		};
		3F967ED22A5E10CF00D47D56 /* TwitterCloneTests */ = {
			isa = PBXNativeTarget;
			buildConfigurationList = 3F967EEA2A5E10CF00D47D56 /* Build configuration list for PBXNativeTarget "TwitterCloneTests" */;
			buildPhases = (
				3F967ECF2A5E10CF00D47D56 /* Sources */,
				3F967ED02A5E10CF00D47D56 /* Frameworks */,
				3F967ED12A5E10CF00D47D56 /* Resources */,
			);
			buildRules = (
			);
			dependencies = (
				3F967ED52A5E10CF00D47D56 /* PBXTargetDependency */,
			);
			name = TwitterCloneTests;
			productName = TwitterCloneTests;
			productReference = 3F967ED32A5E10CF00D47D56 /* TwitterCloneTests.xctest */;
			productType = "com.apple.product-type.bundle.unit-test";
		};
		3F967EDC2A5E10CF00D47D56 /* TwitterCloneUITests */ = {
			isa = PBXNativeTarget;
			buildConfigurationList = 3F967EED2A5E10CF00D47D56 /* Build configuration list for PBXNativeTarget "TwitterCloneUITests" */;
			buildPhases = (
				3F967ED92A5E10CF00D47D56 /* Sources */,
				3F967EDA2A5E10CF00D47D56 /* Frameworks */,
				3F967EDB2A5E10CF00D47D56 /* Resources */,
			);
			buildRules = (
			);
			dependencies = (
				3F967EDF2A5E10CF00D47D56 /* PBXTargetDependency */,
			);
			name = TwitterCloneUITests;
			productName = TwitterCloneUITests;
			productReference = 3F967EDD2A5E10CF00D47D56 /* TwitterCloneUITests.xctest */;
			productType = "com.apple.product-type.bundle.ui-testing";
		};
/* End PBXNativeTarget section */

/* Begin PBXProject section */
		3F967EB52A5E10CA00D47D56 /* Project object */ = {
			isa = PBXProject;
			attributes = {
				BuildIndependentTargetsInParallel = 1;
				LastSwiftUpdateCheck = 1340;
				LastUpgradeCheck = 1340;
				TargetAttributes = {
					3F967EBC2A5E10CA00D47D56 = {
						CreatedOnToolsVersion = 13.4.1;
					};
					3F967ED22A5E10CF00D47D56 = {
						CreatedOnToolsVersion = 13.4.1;
						TestTargetID = 3F967EBC2A5E10CA00D47D56;
					};
					3F967EDC2A5E10CF00D47D56 = {
						CreatedOnToolsVersion = 13.4.1;
						TestTargetID = 3F967EBC2A5E10CA00D47D56;
					};
				};
			};
			buildConfigurationList = 3F967EB82A5E10CA00D47D56 /* Build configuration list for PBXProject "TwitterClone" */;
			compatibilityVersion = "Xcode 13.0";
			developmentRegion = en;
			hasScannedForEncodings = 0;
			knownRegions = (
				en,
				Base,
			);
			mainGroup = 3F967EB42A5E10CA00D47D56;
			productRefGroup = 3F967EBE2A5E10CA00D47D56 /* Products */;
			projectDirPath = "";
			projectRoot = "";
			targets = (
				3F967EBC2A5E10CA00D47D56 /* TwitterClone */,
				3F967ED22A5E10CF00D47D56 /* TwitterCloneTests */,
				3F967EDC2A5E10CF00D47D56 /* TwitterCloneUITests */,
			);
		};
/* End PBXProject section */

/* Begin PBXResourcesBuildPhase section */
		3F967EBB2A5E10CA00D47D56 /* Resources */ = {
			isa = PBXResourcesBuildPhase;
			buildActionMask = 2147483647;
			files = (
				3F967ECD2A5E10CE00D47D56 /* LaunchScreen.storyboard in Resources */,
				3F967ECA2A5E10CE00D47D56 /* Assets.xcassets in Resources */,
				3F967EC82A5E10CA00D47D56 /* Main.storyboard in Resources */,
			);
			runOnlyForDeploymentPostprocessing = 0;
		};
		3F967ED12A5E10CF00D47D56 /* Resources */ = {
			isa = PBXResourcesBuildPhase;
			buildActionMask = 2147483647;
			files = (
			);
			runOnlyForDeploymentPostprocessing = 0;
		};
		3F967EDB2A5E10CF00D47D56 /* Resources */ = {
			isa = PBXResourcesBuildPhase;
			buildActionMask = 2147483647;
			files = (
			);
			runOnlyForDeploymentPostprocessing = 0;
		};
/* End PBXResourcesBuildPhase section */

/* Begin PBXSourcesBuildPhase section */
		3F967EB92A5E10CA00D47D56 /* Sources */ = {
			isa = PBXSourcesBuildPhase;
			buildActionMask = 2147483647;
			files = (
				3F967EFD2A5E168B00D47D56 /* NotificationsController.swift in Sources */,
				3F967EFF2A5E16A400D47D56 /* ConversationsController.swift in Sources */,
				3F70250F2A81A25800E52426 /* Utilities.swift in Sources */,
				3F967EC12A5E10CA00D47D56 /* AppDelegate.swift in Sources */,
				3F967F012A5E432B00D47D56 /* Extensions.swift in Sources */,
				3F70250B2A818FEB00E52426 /* LoginController.swift in Sources */,
				3F967EFB2A5E164500D47D56 /* ExploreController.swift in Sources */,
				3F967EC32A5E10CA00D47D56 /* SceneDelegate.swift in Sources */,
				3F967EF72A5E13F600D47D56 /* MainTabController.swift in Sources */,
				3F70250D2A81954100E52426 /* RegistrationController.swift in Sources */,
				3F967EF92A5E15DB00D47D56 /* FeedController.swift in Sources */,
			);
			runOnlyForDeploymentPostprocessing = 0;
		};
		3F967ECF2A5E10CF00D47D56 /* Sources */ = {
			isa = PBXSourcesBuildPhase;
			buildActionMask = 2147483647;
			files = (
				3F967ED82A5E10CF00D47D56 /* TwitterCloneTests.swift in Sources */,
			);
			runOnlyForDeploymentPostprocessing = 0;
		};
		3F967ED92A5E10CF00D47D56 /* Sources */ = {
			isa = PBXSourcesBuildPhase;
			buildActionMask = 2147483647;
			files = (
				3F967EE42A5E10CF00D47D56 /* TwitterCloneUITestsLaunchTests.swift in Sources */,
				3F967EE22A5E10CF00D47D56 /* TwitterCloneUITests.swift in Sources */,
			);
			runOnlyForDeploymentPostprocessing = 0;
		};
/* End PBXSourcesBuildPhase section */

/* Begin PBXTargetDependency section */
		3F967ED52A5E10CF00D47D56 /* PBXTargetDependency */ = {
			isa = PBXTargetDependency;
			target = 3F967EBC2A5E10CA00D47D56 /* TwitterClone */;
			targetProxy = 3F967ED42A5E10CF00D47D56 /* PBXContainerItemProxy */;
		};
		3F967EDF2A5E10CF00D47D56 /* PBXTargetDependency */ = {
			isa = PBXTargetDependency;
			target = 3F967EBC2A5E10CA00D47D56 /* TwitterClone */;
			targetProxy = 3F967EDE2A5E10CF00D47D56 /* PBXContainerItemProxy */;
		};
/* End PBXTargetDependency section */

/* Begin PBXVariantGroup section */
		3F967EC62A5E10CA00D47D56 /* Main.storyboard */ = {
			isa = PBXVariantGroup;
			children = (
				3F967EC72A5E10CA00D47D56 /* Base */,
			);
			name = Main.storyboard;
			sourceTree = "<group>";
		};
		3F967ECB2A5E10CE00D47D56 /* LaunchScreen.storyboard */ = {
			isa = PBXVariantGroup;
			children = (
				3F967ECC2A5E10CE00D47D56 /* Base */,
			);
			name = LaunchScreen.storyboard;
			sourceTree = "<group>";
		};
/* End PBXVariantGroup section */

/* Begin XCBuildConfiguration section */
		3F967EE52A5E10CF00D47D56 /* Debug */ = {
			isa = XCBuildConfiguration;
			buildSettings = {
				ALWAYS_SEARCH_USER_PATHS = NO;
				CLANG_ANALYZER_NONNULL = YES;
				CLANG_ANALYZER_NUMBER_OBJECT_CONVERSION = YES_AGGRESSIVE;
				CLANG_CXX_LANGUAGE_STANDARD = "gnu++17";
				CLANG_ENABLE_MODULES = YES;
				CLANG_ENABLE_OBJC_ARC = YES;
				CLANG_ENABLE_OBJC_WEAK = YES;
				CLANG_WARN_BLOCK_CAPTURE_AUTORELEASING = YES;
				CLANG_WARN_BOOL_CONVERSION = YES;
				CLANG_WARN_COMMA = YES;
				CLANG_WARN_CONSTANT_CONVERSION = YES;
				CLANG_WARN_DEPRECATED_OBJC_IMPLEMENTATIONS = YES;
				CLANG_WARN_DIRECT_OBJC_ISA_USAGE = YES_ERROR;
				CLANG_WARN_DOCUMENTATION_COMMENTS = YES;
				CLANG_WARN_EMPTY_BODY = YES;
				CLANG_WARN_ENUM_CONVERSION = YES;
				CLANG_WARN_INFINITE_RECURSION = YES;
				CLANG_WARN_INT_CONVERSION = YES;
				CLANG_WARN_NON_LITERAL_NULL_CONVERSION = YES;
				CLANG_WARN_OBJC_IMPLICIT_RETAIN_SELF = YES;
				CLANG_WARN_OBJC_LITERAL_CONVERSION = YES;
				CLANG_WARN_OBJC_ROOT_CLASS = YES_ERROR;
				CLANG_WARN_QUOTED_INCLUDE_IN_FRAMEWORK_HEADER = YES;
				CLANG_WARN_RANGE_LOOP_ANALYSIS = YES;
				CLANG_WARN_STRICT_PROTOTYPES = YES;
				CLANG_WARN_SUSPICIOUS_MOVE = YES;
				CLANG_WARN_UNGUARDED_AVAILABILITY = YES_AGGRESSIVE;
				CLANG_WARN_UNREACHABLE_CODE = YES;
				CLANG_WARN__DUPLICATE_METHOD_MATCH = YES;
				COPY_PHASE_STRIP = NO;
				DEBUG_INFORMATION_FORMAT = dwarf;
				ENABLE_STRICT_OBJC_MSGSEND = YES;
				ENABLE_TESTABILITY = YES;
				GCC_C_LANGUAGE_STANDARD = gnu11;
				GCC_DYNAMIC_NO_PIC = NO;
				GCC_NO_COMMON_BLOCKS = YES;
				GCC_OPTIMIZATION_LEVEL = 0;
				GCC_PREPROCESSOR_DEFINITIONS = (
					"DEBUG=1",
					"$(inherited)",
				);
				GCC_WARN_64_TO_32_BIT_CONVERSION = YES;
				GCC_WARN_ABOUT_RETURN_TYPE = YES_ERROR;
				GCC_WARN_UNDECLARED_SELECTOR = YES;
				GCC_WARN_UNINITIALIZED_AUTOS = YES_AGGRESSIVE;
				GCC_WARN_UNUSED_FUNCTION = YES;
				GCC_WARN_UNUSED_VARIABLE = YES;
				IPHONEOS_DEPLOYMENT_TARGET = 15.5;
				MTL_ENABLE_DEBUG_INFO = INCLUDE_SOURCE;
				MTL_FAST_MATH = YES;
				ONLY_ACTIVE_ARCH = YES;
				SDKROOT = iphoneos;
				SWIFT_ACTIVE_COMPILATION_CONDITIONS = DEBUG;
				SWIFT_OPTIMIZATION_LEVEL = "-Onone";
			};
			name = Debug;
		};
		3F967EE62A5E10CF00D47D56 /* Release */ = {
			isa = XCBuildConfiguration;
			buildSettings = {
				ALWAYS_SEARCH_USER_PATHS = NO;
				CLANG_ANALYZER_NONNULL = YES;
				CLANG_ANALYZER_NUMBER_OBJECT_CONVERSION = YES_AGGRESSIVE;
				CLANG_CXX_LANGUAGE_STANDARD = "gnu++17";
				CLANG_ENABLE_MODULES = YES;
				CLANG_ENABLE_OBJC_ARC = YES;
				CLANG_ENABLE_OBJC_WEAK = YES;
				CLANG_WARN_BLOCK_CAPTURE_AUTORELEASING = YES;
				CLANG_WARN_BOOL_CONVERSION = YES;
				CLANG_WARN_COMMA = YES;
				CLANG_WARN_CONSTANT_CONVERSION = YES;
				CLANG_WARN_DEPRECATED_OBJC_IMPLEMENTATIONS = YES;
				CLANG_WARN_DIRECT_OBJC_ISA_USAGE = YES_ERROR;
				CLANG_WARN_DOCUMENTATION_COMMENTS = YES;
				CLANG_WARN_EMPTY_BODY = YES;
				CLANG_WARN_ENUM_CONVERSION = YES;
				CLANG_WARN_INFINITE_RECURSION = YES;
				CLANG_WARN_INT_CONVERSION = YES;
				CLANG_WARN_NON_LITERAL_NULL_CONVERSION = YES;
				CLANG_WARN_OBJC_IMPLICIT_RETAIN_SELF = YES;
				CLANG_WARN_OBJC_LITERAL_CONVERSION = YES;
				CLANG_WARN_OBJC_ROOT_CLASS = YES_ERROR;
				CLANG_WARN_QUOTED_INCLUDE_IN_FRAMEWORK_HEADER = YES;
				CLANG_WARN_RANGE_LOOP_ANALYSIS = YES;
				CLANG_WARN_STRICT_PROTOTYPES = YES;
				CLANG_WARN_SUSPICIOUS_MOVE = YES;
				CLANG_WARN_UNGUARDED_AVAILABILITY = YES_AGGRESSIVE;
				CLANG_WARN_UNREACHABLE_CODE = YES;
				CLANG_WARN__DUPLICATE_METHOD_MATCH = YES;
				COPY_PHASE_STRIP = NO;
				DEBUG_INFORMATION_FORMAT = "dwarf-with-dsym";
				ENABLE_NS_ASSERTIONS = NO;
				ENABLE_STRICT_OBJC_MSGSEND = YES;
				GCC_C_LANGUAGE_STANDARD = gnu11;
				GCC_NO_COMMON_BLOCKS = YES;
				GCC_WARN_64_TO_32_BIT_CONVERSION = YES;
				GCC_WARN_ABOUT_RETURN_TYPE = YES_ERROR;
				GCC_WARN_UNDECLARED_SELECTOR = YES;
				GCC_WARN_UNINITIALIZED_AUTOS = YES_AGGRESSIVE;
				GCC_WARN_UNUSED_FUNCTION = YES;
				GCC_WARN_UNUSED_VARIABLE = YES;
				IPHONEOS_DEPLOYMENT_TARGET = 15.5;
				MTL_ENABLE_DEBUG_INFO = NO;
				MTL_FAST_MATH = YES;
				SDKROOT = iphoneos;
				SWIFT_COMPILATION_MODE = wholemodule;
				SWIFT_OPTIMIZATION_LEVEL = "-O";
				VALIDATE_PRODUCT = YES;
			};
			name = Release;
		};
		3F967EE82A5E10CF00D47D56 /* Debug */ = {
			isa = XCBuildConfiguration;
			buildSettings = {
				ASSETCATALOG_COMPILER_APPICON_NAME = AppIcon;
				ASSETCATALOG_COMPILER_GLOBAL_ACCENT_COLOR_NAME = AccentColor;
				CODE_SIGN_STYLE = Automatic;
				CURRENT_PROJECT_VERSION = 1;
				DEVELOPMENT_TEAM = X6BCZG26RH;
				GENERATE_INFOPLIST_FILE = YES;
				INFOPLIST_FILE = TwitterClone/Info.plist;
				INFOPLIST_KEY_UIApplicationSupportsIndirectInputEvents = YES;
				INFOPLIST_KEY_UILaunchStoryboardName = LaunchScreen;
				INFOPLIST_KEY_UIMainStoryboardFile = Main;
				INFOPLIST_KEY_UISupportedInterfaceOrientations_iPad = "UIInterfaceOrientationPortrait UIInterfaceOrientationPortraitUpsideDown UIInterfaceOrientationLandscapeLeft UIInterfaceOrientationLandscapeRight";
				INFOPLIST_KEY_UISupportedInterfaceOrientations_iPhone = "UIInterfaceOrientationPortrait UIInterfaceOrientationLandscapeLeft UIInterfaceOrientationLandscapeRight";
				LD_RUNPATH_SEARCH_PATHS = (
					"$(inherited)",
					"@executable_path/Frameworks",
				);
				MARKETING_VERSION = 1.0;
				PRODUCT_BUNDLE_IDENTIFIER = com.magnodevht.TwitterClone;
				PRODUCT_NAME = "$(TARGET_NAME)";
				SWIFT_EMIT_LOC_STRINGS = YES;
				SWIFT_VERSION = 5.0;
				TARGETED_DEVICE_FAMILY = "1,2";
			};
			name = Debug;
		};
		3F967EE92A5E10CF00D47D56 /* Release */ = {
			isa = XCBuildConfiguration;
			buildSettings = {
				ASSETCATALOG_COMPILER_APPICON_NAME = AppIcon;
				ASSETCATALOG_COMPILER_GLOBAL_ACCENT_COLOR_NAME = AccentColor;
				CODE_SIGN_STYLE = Automatic;
				CURRENT_PROJECT_VERSION = 1;
				DEVELOPMENT_TEAM = X6BCZG26RH;
				GENERATE_INFOPLIST_FILE = YES;
				INFOPLIST_FILE = TwitterClone/Info.plist;
				INFOPLIST_KEY_UIApplicationSupportsIndirectInputEvents = YES;
				INFOPLIST_KEY_UILaunchStoryboardName = LaunchScreen;
				INFOPLIST_KEY_UIMainStoryboardFile = Main;
				INFOPLIST_KEY_UISupportedInterfaceOrientations_iPad = "UIInterfaceOrientationPortrait UIInterfaceOrientationPortraitUpsideDown UIInterfaceOrientationLandscapeLeft UIInterfaceOrientationLandscapeRight";
				INFOPLIST_KEY_UISupportedInterfaceOrientations_iPhone = "UIInterfaceOrientationPortrait UIInterfaceOrientationLandscapeLeft UIInterfaceOrientationLandscapeRight";
				LD_RUNPATH_SEARCH_PATHS = (
					"$(inherited)",
					"@executable_path/Frameworks",
				);
				MARKETING_VERSION = 1.0;
				PRODUCT_BUNDLE_IDENTIFIER = com.magnodevht.TwitterClone;
				PRODUCT_NAME = "$(TARGET_NAME)";
				SWIFT_EMIT_LOC_STRINGS = YES;
				SWIFT_VERSION = 5.0;
				TARGETED_DEVICE_FAMILY = "1,2";
			};
			name = Release;
		};
		3F967EEB2A5E10CF00D47D56 /* Debug */ = {
			isa = XCBuildConfiguration;
			buildSettings = {
				ALWAYS_EMBED_SWIFT_STANDARD_LIBRARIES = YES;
				BUNDLE_LOADER = "$(TEST_HOST)";
				CODE_SIGN_STYLE = Automatic;
				CURRENT_PROJECT_VERSION = 1;
				DEVELOPMENT_TEAM = X6BCZG26RH;
				GENERATE_INFOPLIST_FILE = YES;
				IPHONEOS_DEPLOYMENT_TARGET = 15.5;
				MARKETING_VERSION = 1.0;
				PRODUCT_BUNDLE_IDENTIFIER = com.magnodevht.TwitterCloneTests;
				PRODUCT_NAME = "$(TARGET_NAME)";
				SWIFT_EMIT_LOC_STRINGS = NO;
				SWIFT_VERSION = 5.0;
				TARGETED_DEVICE_FAMILY = "1,2";
				TEST_HOST = "$(BUILT_PRODUCTS_DIR)/TwitterClone.app/TwitterClone";
			};
			name = Debug;
		};
		3F967EEC2A5E10CF00D47D56 /* Release */ = {
			isa = XCBuildConfiguration;
			buildSettings = {
				ALWAYS_EMBED_SWIFT_STANDARD_LIBRARIES = YES;
				BUNDLE_LOADER = "$(TEST_HOST)";
				CODE_SIGN_STYLE = Automatic;
				CURRENT_PROJECT_VERSION = 1;
				DEVELOPMENT_TEAM = X6BCZG26RH;
				GENERATE_INFOPLIST_FILE = YES;
				IPHONEOS_DEPLOYMENT_TARGET = 15.5;
				MARKETING_VERSION = 1.0;
				PRODUCT_BUNDLE_IDENTIFIER = com.magnodevht.TwitterCloneTests;
				PRODUCT_NAME = "$(TARGET_NAME)";
				SWIFT_EMIT_LOC_STRINGS = NO;
				SWIFT_VERSION = 5.0;
				TARGETED_DEVICE_FAMILY = "1,2";
				TEST_HOST = "$(BUILT_PRODUCTS_DIR)/TwitterClone.app/TwitterClone";
			};
			name = Release;
		};
		3F967EEE2A5E10CF00D47D56 /* Debug */ = {
			isa = XCBuildConfiguration;
			buildSettings = {
				ALWAYS_EMBED_SWIFT_STANDARD_LIBRARIES = YES;
				CODE_SIGN_STYLE = Automatic;
				CURRENT_PROJECT_VERSION = 1;
				DEVELOPMENT_TEAM = X6BCZG26RH;
				GENERATE_INFOPLIST_FILE = YES;
				MARKETING_VERSION = 1.0;
				PRODUCT_BUNDLE_IDENTIFIER = com.magnodevht.TwitterCloneUITests;
				PRODUCT_NAME = "$(TARGET_NAME)";
				SWIFT_EMIT_LOC_STRINGS = NO;
				SWIFT_VERSION = 5.0;
				TARGETED_DEVICE_FAMILY = "1,2";
				TEST_TARGET_NAME = TwitterClone;
			};
			name = Debug;
		};
		3F967EEF2A5E10CF00D47D56 /* Release */ = {
			isa = XCBuildConfiguration;
			buildSettings = {
				ALWAYS_EMBED_SWIFT_STANDARD_LIBRARIES = YES;
				CODE_SIGN_STYLE = Automatic;
				CURRENT_PROJECT_VERSION = 1;
				DEVELOPMENT_TEAM = X6BCZG26RH;
				GENERATE_INFOPLIST_FILE = YES;
				MARKETING_VERSION = 1.0;
				PRODUCT_BUNDLE_IDENTIFIER = com.magnodevht.TwitterCloneUITests;
				PRODUCT_NAME = "$(TARGET_NAME)";
				SWIFT_EMIT_LOC_STRINGS = NO;
				SWIFT_VERSION = 5.0;
				TARGETED_DEVICE_FAMILY = "1,2";
				TEST_TARGET_NAME = TwitterClone;
			};
			name = Release;
		};
/* End XCBuildConfiguration section */

/* Begin XCConfigurationList section */
		3F967EB82A5E10CA00D47D56 /* Build configuration list for PBXProject "TwitterClone" */ = {
			isa = XCConfigurationList;
			buildConfigurations = (
				3F967EE52A5E10CF00D47D56 /* Debug */,
				3F967EE62A5E10CF00D47D56 /* Release */,
			);
			defaultConfigurationIsVisible = 0;
			defaultConfigurationName = Release;
		};
		3F967EE72A5E10CF00D47D56 /* Build configuration list for PBXNativeTarget "TwitterClone" */ = {
			isa = XCConfigurationList;
			buildConfigurations = (
				3F967EE82A5E10CF00D47D56 /* Debug */,
				3F967EE92A5E10CF00D47D56 /* Release */,
			);
			defaultConfigurationIsVisible = 0;
			defaultConfigurationName = Release;
		};
		3F967EEA2A5E10CF00D47D56 /* Build configuration list for PBXNativeTarget "TwitterCloneTests" */ = {
			isa = XCConfigurationList;
			buildConfigurations = (
				3F967EEB2A5E10CF00D47D56 /* Debug */,
				3F967EEC2A5E10CF00D47D56 /* Release */,
			);
			defaultConfigurationIsVisible = 0;
			defaultConfigurationName = Release;
		};
		3F967EED2A5E10CF00D47D56 /* Build configuration list for PBXNativeTarget "TwitterCloneUITests" */ = {
			isa = XCConfigurationList;
			buildConfigurations = (
				3F967EEE2A5E10CF00D47D56 /* Debug */,
				3F967EEF2A5E10CF00D47D56 /* Release */,
			);
			defaultConfigurationIsVisible = 0;
			defaultConfigurationName = Release;
		};
/* End XCConfigurationList section */
	};
	rootObject = 3F967EB52A5E10CA00D47D56 /* Project object */;
}
